
Microsoft Visual Studio Solution File, Format Version 12.00
# Visual Studio 15
VisualStudioVersion = 15.0.26730.12
MinimumVisualStudioVersion = 10.0.40219.1
Project("{FAE04EC0-301F-11D3-BF4B-00C04F79EFBC}") = "Quarantine", "Quarantine\Quarantine.csproj", "{D1E18C85-FE3D-48BD-AB9E-D4A6F575A842}"
EndProject
Global
	GlobalSection(SolutionConfigurationPlatforms) = preSolution
		Debug|Any CPU = Debug|Any CPU
		Release|Any CPU = Release|Any CPU
	EndGlobalSection
	GlobalSection(ProjectConfigurationPlatforms) = postSolution
		{D1E18C85-FE3D-48BD-AB9E-D4A6F575A842}.Debug|Any CPU.ActiveCfg = Debug|Any CPU
		{D1E18C85-FE3D-48BD-AB9E-D4A6F575A842}.Debug|Any CPU.Build.0 = Debug|Any CPU
		{D1E18C85-FE3D-48BD-AB9E-D4A6F575A842}.Release|Any CPU.ActiveCfg = Release|Any CPU
		{D1E18C85-FE3D-48BD-AB9E-D4A6F575A842}.Release|Any CPU.Build.0 = Release|Any CPU
	EndGlobalSection
	GlobalSection(SolutionProperties) = preSolution
		HideSolutionNode = FALSE
	EndGlobalSection
	GlobalSection(ExtensibilityGlobals) = postSolution
		SolutionGuid = {9C4C701A-A22E-4A95-9501-EE92BD8887EC}
	EndGlobalSection
EndGlobal
