
Microsoft Visual Studio Solution File, Format Version 12.00
# Visual Studio 15
VisualStudioVersion = 15.0.26730.12
MinimumVisualStudioVersion = 10.0.40219.1
Project("{FAE04EC0-301F-11D3-BF4B-00C04F79EFBC}") = "Coder", "Coder\Coder.csproj", "{F9FDD295-A16A-432E-B22C-2B6B709E03C5}"
EndProject
Global
	GlobalSection(SolutionConfigurationPlatforms) = preSolution
		Debug|Any CPU = Debug|Any CPU
		Release|Any CPU = Release|Any CPU
	EndGlobalSection
	GlobalSection(ProjectConfigurationPlatforms) = postSolution
		{F9FDD295-A16A-432E-B22C-2B6B709E03C5}.Debug|Any CPU.ActiveCfg = Debug|Any CPU
		{F9FDD295-A16A-432E-B22C-2B6B709E03C5}.Debug|Any CPU.Build.0 = Debug|Any CPU
		{F9FDD295-A16A-432E-B22C-2B6B709E03C5}.Release|Any CPU.ActiveCfg = Release|Any CPU
		{F9FDD295-A16A-432E-B22C-2B6B709E03C5}.Release|Any CPU.Build.0 = Release|Any CPU
	EndGlobalSection
	GlobalSection(SolutionProperties) = preSolution
		HideSolutionNode = FALSE
	EndGlobalSection
	GlobalSection(ExtensibilityGlobals) = postSolution
		SolutionGuid = {9CB1FBF0-D227-4626-B288-409C6DAB92E3}
	EndGlobalSection
EndGlobal
